
Microsoft Visual Studio Solution File, Format Version 12.00
# Visual Studio 15
VisualStudioVersion = 15.0.26228.9
MinimumVisualStudioVersion = 10.0.40219.1
Project("{FAE04EC0-301F-11D3-BF4B-00C04F79EFBC}") = "RTKExtraction", "RTKExtraction\RTKExtraction.csproj", "{753196D2-3E66-49F8-90C9-43043A13EA14}"
EndProject
Global
	GlobalSection(SolutionConfigurationPlatforms) = preSolution
		Debug|Any CPU = Debug|Any CPU
		Release|Any CPU = Release|Any CPU
	EndGlobalSection
	GlobalSection(ProjectConfigurationPlatforms) = postSolution
		{753196D2-3E66-49F8-90C9-43043A13EA14}.Debug|Any CPU.ActiveCfg = Debug|Any CPU
		{753196D2-3E66-49F8-90C9-43043A13EA14}.Debug|Any CPU.Build.0 = Debug|Any CPU
		{753196D2-3E66-49F8-90C9-43043A13EA14}.Release|Any CPU.ActiveCfg = Release|Any CPU
		{753196D2-3E66-49F8-90C9-43043A13EA14}.Release|Any CPU.Build.0 = Release|Any CPU
	EndGlobalSection
	GlobalSection(SolutionProperties) = preSolution
		HideSolutionNode = FALSE
	EndGlobalSection
EndGlobal
