
Microsoft Visual Studio Solution File, Format Version 12.00
# Visual Studio 14
VisualStudioVersion = 14.0.23107.0
MinimumVisualStudioVersion = 10.0.40219.1
Project("{FAE04EC0-301F-11D3-BF4B-00C04F79EFBC}") = "StockMarketExtractor", "StockMarketExtractor\StockMarketExtractor.csproj", "{8C1FFDFD-00B2-4100-A42A-669B53706665}"
EndProject
Project("{FAE04EC0-301F-11D3-BF4B-00C04F79EFBC}") = "StockMarketReportingWinSvc", "StockMarketReportingWinSvc\StockMarketReportingWinSvc.csproj", "{FFE43722-4A68-4ECE-A25A-D999B64BBB2E}"
EndProject
Project("{FAE04EC0-301F-11D3-BF4B-00C04F79EFBC}") = "StockMarketExtractorWeb", "StockMarketExtractorWeb\StockMarketExtractorWeb.csproj", "{9FFB5098-15F2-434B-BCA8-ABDA55902A88}"
EndProject
Global
	GlobalSection(SolutionConfigurationPlatforms) = preSolution
		Debug|Any CPU = Debug|Any CPU
		Release|Any CPU = Release|Any CPU
	EndGlobalSection
	GlobalSection(ProjectConfigurationPlatforms) = postSolution
		{8C1FFDFD-00B2-4100-A42A-669B53706665}.Debug|Any CPU.ActiveCfg = Debug|Any CPU
		{8C1FFDFD-00B2-4100-A42A-669B53706665}.Debug|Any CPU.Build.0 = Debug|Any CPU
		{8C1FFDFD-00B2-4100-A42A-669B53706665}.Release|Any CPU.ActiveCfg = Release|Any CPU
		{8C1FFDFD-00B2-4100-A42A-669B53706665}.Release|Any CPU.Build.0 = Release|Any CPU
		{FFE43722-4A68-4ECE-A25A-D999B64BBB2E}.Debug|Any CPU.ActiveCfg = Debug|Any CPU
		{FFE43722-4A68-4ECE-A25A-D999B64BBB2E}.Debug|Any CPU.Build.0 = Debug|Any CPU
		{FFE43722-4A68-4ECE-A25A-D999B64BBB2E}.Release|Any CPU.ActiveCfg = Release|Any CPU
		{FFE43722-4A68-4ECE-A25A-D999B64BBB2E}.Release|Any CPU.Build.0 = Release|Any CPU
		{9FFB5098-15F2-434B-BCA8-ABDA55902A88}.Debug|Any CPU.ActiveCfg = Debug|Any CPU
		{9FFB5098-15F2-434B-BCA8-ABDA55902A88}.Debug|Any CPU.Build.0 = Debug|Any CPU
		{9FFB5098-15F2-434B-BCA8-ABDA55902A88}.Release|Any CPU.ActiveCfg = Release|Any CPU
		{9FFB5098-15F2-434B-BCA8-ABDA55902A88}.Release|Any CPU.Build.0 = Release|Any CPU
	EndGlobalSection
	GlobalSection(SolutionProperties) = preSolution
		HideSolutionNode = FALSE
	EndGlobalSection
EndGlobal
